
Microsoft Visual Studio Solution File, Format Version 12.00
# Visual Studio Version 17
VisualStudioVersion = 17.14.36202.13
MinimumVisualStudioVersion = 10.0.40219.1
Project("{8BC9CEB8-8B4A-11D0-8D11-00A0C91BC942}") = "hook", "Dll1\Dll1.vcxproj", "{E4E9097C-C095-431B-87E8-CC63B7FBC38B}"
EndProject
Project("{8BC9CEB8-8B4A-11D0-8D11-00A0C91BC942}") = "usermodeAPP", "usermodeAPP\usermodeAPP.vcxproj", "{C49D06D9-0184-4F06-BF3E-920690C30B34}"
EndProject
Project("{8BC9CEB8-8B4A-11D0-8D11-00A0C91BC942}") = "KMDF Driver", "KMDF Driver\KMDF Driver.vcxproj", "{EB8BCBD5-FAE7-0E54-0524-DEE5F81B0BDB}"
EndProject
Global
	GlobalSection(SolutionConfigurationPlatforms) = preSolution
		Debug|x64 = Debug|x64
		Debug|x86 = Debug|x86
		Release|x64 = Release|x64
		Release|x86 = Release|x86
	EndGlobalSection
	GlobalSection(ProjectConfigurationPlatforms) = postSolution
		{E4E9097C-C095-431B-87E8-CC63B7FBC38B}.Debug|x64.ActiveCfg = Debug|x64
		{E4E9097C-C095-431B-87E8-CC63B7FBC38B}.Debug|x64.Build.0 = Debug|x64
		{E4E9097C-C095-431B-87E8-CC63B7FBC38B}.Debug|x86.ActiveCfg = Debug|Win32
		{E4E9097C-C095-431B-87E8-CC63B7FBC38B}.Debug|x86.Build.0 = Debug|Win32
		{E4E9097C-C095-431B-87E8-CC63B7FBC38B}.Release|x64.ActiveCfg = Release|x64
		{E4E9097C-C095-431B-87E8-CC63B7FBC38B}.Release|x64.Build.0 = Release|x64
		{E4E9097C-C095-431B-87E8-CC63B7FBC38B}.Release|x86.ActiveCfg = Release|Win32
		{E4E9097C-C095-431B-87E8-CC63B7FBC38B}.Release|x86.Build.0 = Release|Win32
		{C49D06D9-0184-4F06-BF3E-920690C30B34}.Debug|x64.ActiveCfg = Debug|x64
		{C49D06D9-0184-4F06-BF3E-920690C30B34}.Debug|x64.Build.0 = Debug|x64
		{C49D06D9-0184-4F06-BF3E-920690C30B34}.Debug|x86.ActiveCfg = Debug|Win32
		{C49D06D9-0184-4F06-BF3E-920690C30B34}.Debug|x86.Build.0 = Debug|Win32
		{C49D06D9-0184-4F06-BF3E-920690C30B34}.Release|x64.ActiveCfg = Release|x64
		{C49D06D9-0184-4F06-BF3E-920690C30B34}.Release|x64.Build.0 = Release|x64
		{C49D06D9-0184-4F06-BF3E-920690C30B34}.Release|x86.ActiveCfg = Release|Win32
		{C49D06D9-0184-4F06-BF3E-920690C30B34}.Release|x86.Build.0 = Release|Win32
		{EB8BCBD5-FAE7-0E54-0524-DEE5F81B0BDB}.Debug|x64.ActiveCfg = Debug|x64
		{EB8BCBD5-FAE7-0E54-0524-DEE5F81B0BDB}.Debug|x64.Build.0 = Debug|x64
		{EB8BCBD5-FAE7-0E54-0524-DEE5F81B0BDB}.Debug|x64.Deploy.0 = Debug|x64
		{EB8BCBD5-FAE7-0E54-0524-DEE5F81B0BDB}.Debug|x86.ActiveCfg = Debug|x64
		{EB8BCBD5-FAE7-0E54-0524-DEE5F81B0BDB}.Debug|x86.Build.0 = Debug|x64
		{EB8BCBD5-FAE7-0E54-0524-DEE5F81B0BDB}.Debug|x86.Deploy.0 = Debug|x64
		{EB8BCBD5-FAE7-0E54-0524-DEE5F81B0BDB}.Release|x64.ActiveCfg = Release|x64
		{EB8BCBD5-FAE7-0E54-0524-DEE5F81B0BDB}.Release|x64.Build.0 = Release|x64
		{EB8BCBD5-FAE7-0E54-0524-DEE5F81B0BDB}.Release|x64.Deploy.0 = Release|x64
		{EB8BCBD5-FAE7-0E54-0524-DEE5F81B0BDB}.Release|x86.ActiveCfg = Release|x64
		{EB8BCBD5-FAE7-0E54-0524-DEE5F81B0BDB}.Release|x86.Build.0 = Release|x64
		{EB8BCBD5-FAE7-0E54-0524-DEE5F81B0BDB}.Release|x86.Deploy.0 = Release|x64
	EndGlobalSection
	GlobalSection(SolutionProperties) = preSolution
		HideSolutionNode = FALSE
	EndGlobalSection
	GlobalSection(ExtensibilityGlobals) = postSolution
		SolutionGuid = {BA82DA84-BA1D-4510-ADA2-8C07A288FA47}
	EndGlobalSection
EndGlobal
